
Microsoft Visual Studio Solution File, Format Version 12.00
# Visual Studio Version 17
VisualStudioVersion = 17.9.34607.119
MinimumVisualStudioVersion = 10.0.40219.1
Project("{FAE04EC0-301F-11D3-BF4B-00C04F79EFBC}") = "ConsoleApp1", "ConsoleApp1\ConsoleApp1.csproj", "{C50E57A8-CEB2-4AD7-BFA6-E1E17D27C892}"
EndProject
Global
	GlobalSection(SolutionConfigurationPlatforms) = preSolution
		Debug|Any CPU = Debug|Any CPU
		Release|Any CPU = Release|Any CPU
	EndGlobalSection
	GlobalSection(ProjectConfigurationPlatforms) = postSolution
		{C50E57A8-CEB2-4AD7-BFA6-E1E17D27C892}.Debug|Any CPU.ActiveCfg = Debug|Any CPU
		{C50E57A8-CEB2-4AD7-BFA6-E1E17D27C892}.Debug|Any CPU.Build.0 = Debug|Any CPU
		{C50E57A8-CEB2-4AD7-BFA6-E1E17D27C892}.Release|Any CPU.ActiveCfg = Release|Any CPU
		{C50E57A8-CEB2-4AD7-BFA6-E1E17D27C892}.Release|Any CPU.Build.0 = Release|Any CPU
	EndGlobalSection
	GlobalSection(SolutionProperties) = preSolution
		HideSolutionNode = FALSE
	EndGlobalSection
	GlobalSection(ExtensibilityGlobals) = postSolution
		SolutionGuid = {CE22E014-CBEA-4A48-91B9-05B951EC6527}
	EndGlobalSection
EndGlobal
